// !$*UTF8*$!
{
	archiveVersion = 1;
	classes = {
	};
	objectVersion = 56;
	objects = {

/* Begin PBXBuildFile section */
		212E4EB8A4F446405206B88D /* ActivationComponentService.swift in Sources */ = {isa = PBXBuildFile; fileRef = 7A7844B6B3BB98B841022947 /* ActivationComponentService.swift */; };
		231D4D12905AE874B7331D1A /* ActivationMapper.swift in Sources */ = {isa = PBXBuildFile; fileRef = 08B54313B0ED9B193F3749C6 /* ActivationMapper.swift */; };
		410A4D418988160F289DF05D /* GenericActivation.swift in Sources */ = {isa = PBXBuildFile; fileRef = F1D3401DA8E9283C5710D113 /* GenericActivation.swift */; };
		776CFCB32F37AE1300664D2F /* AppIcon.icns in Resources */ = {isa = PBXBuildFile; fileRef = 776CFCB22F37AE1300664D2F /* AppIcon.icns */; };
		77A1C48A2F368ED800D1FE6A /* PluginProtocol.swift in Sources */ = {isa = PBXBuildFile; fileRef = 77A1C4162F368ED800D1FE6A /* PluginProtocol.swift */; };
		77A1C48B2F368ED800D1FE6A /* PerformanceMonitorService.swift in Sources */ = {isa = PBXBuildFile; fileRef = 77A1C45B2F368ED800D1FE6A /* PerformanceMonitorService.swift */; };
		77A1C48C2F368ED800D1FE6A /* LaunchAtLoginService.swift in Sources */ = {isa = PBXBuildFile; fileRef = 77A1C4572F368ED800D1FE6A /* LaunchAtLoginService.swift */; };
		77A1C48D2F368ED800D1FE6A /* BundleActionsPlugin.swift in Sources */ = {isa = PBXBuildFile; fileRef = 77A1C41A2F368ED800D1FE6A /* BundleActionsPlugin.swift */; };
		77A1C48E2F368ED800D1FE6A /* WindowManagementPlugin.swift in Sources */ = {isa = PBXBuildFile; fileRef = 77A1C41E2F368ED800D1FE6A /* WindowManagementPlugin.swift */; };
		77A1C48F2F368ED800D1FE6A /* MenuIcon.swift in Sources */ = {isa = PBXBuildFile; fileRef = 77A1C4222F368ED800D1FE6A /* MenuIcon.swift */; };
		77A1C4902F368ED800D1FE6A /* PluginSettingsView.swift in Sources */ = {isa = PBXBuildFile; fileRef = 77A1C4712F368ED800D1FE6A /* PluginSettingsView.swift */; };
		77A1C4912F368ED800D1FE6A /* PluginSandbox.swift in Sources */ = {isa = PBXBuildFile; fileRef = 77A1C4172F368ED800D1FE6A /* PluginSandbox.swift */; };
		77A1C4922F368ED800D1FE6A /* DragModifier.swift in Sources */ = {isa = PBXBuildFile; fileRef = 77A1C4392F368ED800D1FE6A /* DragModifier.swift */; };
		77A1C4932F368ED800D1FE6A /* GestureConfigurationSheet.swift in Sources */ = {isa = PBXBuildFile; fileRef = 77A1C46E2F368ED800D1FE6A /* GestureConfigurationSheet.swift */; };
		77A1C4942F368ED800D1FE6A /* DeveloperServicePlugins.swift in Sources */ = {isa = PBXBuildFile; fileRef = 77A1C4432F368ED800D1FE6A /* DeveloperServicePlugins.swift */; };
		77A1C4952F368ED800D1FE6A /* ServicePluginManager.swift in Sources */ = {isa = PBXBuildFile; fileRef = 77A1C4482F368ED800D1FE6A /* ServicePluginManager.swift */; };
		77A1C4962F368ED800D1FE6A /* UIServices.swift in Sources */ = {isa = PBXBuildFile; fileRef = 77A1C4742F368ED800D1FE6A /* UIServices.swift */; };
		77A1C4972F368ED800D1FE6A /* AccessibilityPermissionService.swift in Sources */ = {isa = PBXBuildFile; fileRef = 77A1C44D2F368ED800D1FE6A /* AccessibilityPermissionService.swift */; };
		77A1C4982F368ED800D1FE6A /* GestureServicePlugins.swift in Sources */ = {isa = PBXBuildFile; fileRef = 77A1C4442F368ED800D1FE6A /* GestureServicePlugins.swift */; };
		77A1C4992F368ED800D1FE6A /* DebugLoggingService.swift in Sources */ = {isa = PBXBuildFile; fileRef = 77A1C4512F368ED800D1FE6A /* DebugLoggingService.swift */; };
		77A1C49A2F368ED800D1FE6A /* ActivationCoordinator.swift in Sources */ = {isa = PBXBuildFile; fileRef = 77A1C4332F368ED800D1FE6A /* ActivationCoordinator.swift */; };
		77A1C49B2F368ED800D1FE6A /* MouseGesturesApp.swift in Sources */ = {isa = PBXBuildFile; fileRef = 77A1C4232F368ED800D1FE6A /* MouseGesturesApp.swift */; };
		77A1C49C2F368ED800D1FE6A /* MenuBarVisibilityService.swift in Sources */ = {isa = PBXBuildFile; fileRef = 77A1C45A2F368ED800D1FE6A /* MenuBarVisibilityService.swift */; };
		77A1C49D2F368ED800D1FE6A /* ProfilesView.swift in Sources */ = {isa = PBXBuildFile; fileRef = 77A1C4672F368ED800D1FE6A /* ProfilesView.swift */; };
		77A1C49E2F368ED800D1FE6A /* ActionSelectionView.swift in Sources */ = {isa = PBXBuildFile; fileRef = 77A1C46C2F368ED800D1FE6A /* ActionSelectionView.swift */; };
		77A1C49F2F368ED800D1FE6A /* KeyboardShortcutDetectorPlugin.swift in Sources */ = {isa = PBXBuildFile; fileRef = 77A1C42E2F368ED800D1FE6A /* KeyboardShortcutDetectorPlugin.swift */; };
		77A1C4A02F368ED800D1FE6A /* SavedActionsUIPlugin.swift in Sources */ = {isa = PBXBuildFile; fileRef = 77A1C47B2F368ED800D1FE6A /* SavedActionsUIPlugin.swift */; };
		77A1C4A12F368ED800D1FE6A /* ApplicationDiscoveryService.swift in Sources */ = {isa = PBXBuildFile; fileRef = 77A1C44F2F368ED800D1FE6A /* ApplicationDiscoveryService.swift */; };
		77A1C4A22F368ED800D1FE6A /* DetectionPlugin.swift in Sources */ = {isa = PBXBuildFile; fileRef = 77A1C4342F368ED800D1FE6A /* DetectionPlugin.swift */; };
		77A1C4A32F368ED800D1FE6A /* SavedActionConfigurationSheet.swift in Sources */ = {isa = PBXBuildFile; fileRef = 77A1C4722F368ED800D1FE6A /* SavedActionConfigurationSheet.swift */; };
		77A1C4A42F368ED800D1FE6A /* GestureSearchService.swift in Sources */ = {isa = PBXBuildFile; fileRef = 77A1C4552F368ED800D1FE6A /* GestureSearchService.swift */; };
		77A1C4A52F368ED800D1FE6A /* AppProfilesUIPlugin.swift in Sources */ = {isa = PBXBuildFile; fileRef = 77A1C4772F368ED800D1FE6A /* AppProfilesUIPlugin.swift */; };
		77A1C4A62F368ED800D1FE6A /* TabManager.swift in Sources */ = {isa = PBXBuildFile; fileRef = 77A1C4732F368ED800D1FE6A /* TabManager.swift */; };
		77A1C4A72F368ED800D1FE6A /* MouseButtonDetectorPlugin.swift in Sources */ = {isa = PBXBuildFile; fileRef = 77A1C4302F368ED800D1FE6A /* MouseButtonDetectorPlugin.swift */; };
		77A1C4A82F368ED800D1FE6A /* SystemControlPlugin.swift in Sources */ = {isa = PBXBuildFile; fileRef = 77A1C41D2F368ED800D1FE6A /* SystemControlPlugin.swift */; };
		77A1C4A92F368ED800D1FE6A /* ApplicationResetService.swift in Sources */ = {isa = PBXBuildFile; fileRef = 77A1C4502F368ED800D1FE6A /* ApplicationResetService.swift */; };
		77A1C4AA2F368ED800D1FE6A /* DebugReportService.swift in Sources */ = {isa = PBXBuildFile; fileRef = 77A1C4522F368ED800D1FE6A /* DebugReportService.swift */; };
		77A1C4AB2F368ED800D1FE6A /* SettingsUIPlugin.swift in Sources */ = {isa = PBXBuildFile; fileRef = 77A1C47D2F368ED800D1FE6A /* SettingsUIPlugin.swift */; };
		77A1C4AC2F368ED800D1FE6A /* ImportDefaultProfiles.swift in Sources */ = {isa = PBXBuildFile; fileRef = 77A1C46F2F368ED800D1FE6A /* ImportDefaultProfiles.swift */; };
		77A1C4AD2F368ED800D1FE6A /* LogFileService.swift in Sources */ = {isa = PBXBuildFile; fileRef = 77A1C4582F368ED800D1FE6A /* LogFileService.swift */; };
		77A1C4AE2F368ED800D1FE6A /* UIPluginProtocol.swift in Sources */ = {isa = PBXBuildFile; fileRef = 77A1C4812F368ED800D1FE6A /* UIPluginProtocol.swift */; };
		77A1C4AF2F368ED800D1FE6A /* Extensions.swift in Sources */ = {isa = PBXBuildFile; fileRef = 77A1C4852F368ED800D1FE6A /* Extensions.swift */; };
		77A1C4B02F368ED800D1FE6A /* Gesture.swift in Sources */ = {isa = PBXBuildFile; fileRef = 77A1C42B2F368ED800D1FE6A /* Gesture.swift */; };
		77A1C4B12F368ED800D1FE6A /* SavedActionsSortService.swift in Sources */ = {isa = PBXBuildFile; fileRef = 77A1C45D2F368ED800D1FE6A /* SavedActionsSortService.swift */; };
		77A1C4B22F368ED800D1FE6A /* ProfileStructures.swift in Sources */ = {isa = PBXBuildFile; fileRef = 77A1C4402F368ED800D1FE6A /* ProfileStructures.swift */; };
		77A1C4B32F368ED800D1FE6A /* DeveloperUIPlugin.swift in Sources */ = {isa = PBXBuildFile; fileRef = 77A1C4782F368ED800D1FE6A /* DeveloperUIPlugin.swift */; };
		77A1C4B42F368ED800D1FE6A /* ServicesUIPlugin.swift in Sources */ = {isa = PBXBuildFile; fileRef = 77A1C47C2F368ED800D1FE6A /* ServicesUIPlugin.swift */; };
		77A1C4B52F368ED800D1FE6A /* BundleEditorView.swift in Sources */ = {isa = PBXBuildFile; fileRef = 77A1C46D2F368ED800D1FE6A /* BundleEditorView.swift */; };
		77A1C4B62F368ED800D1FE6A /* ProfileTemplateService.swift in Sources */ = {isa = PBXBuildFile; fileRef = 77A1C4412F368ED800D1FE6A /* ProfileTemplateService.swift */; };
		77A1C4B72F368ED800D1FE6A /* BundleConditions.swift in Sources */ = {isa = PBXBuildFile; fileRef = 77A1C4292F368ED800D1FE6A /* BundleConditions.swift */; };
		77A1C4B82F368ED800D1FE6A /* ActionListHelper.swift in Sources */ = {isa = PBXBuildFile; fileRef = 77A1C44E2F368ED800D1FE6A /* ActionListHelper.swift */; };
		77A1C4B92F368ED800D1FE6A /* ModifierKeyDetectorPlugin.swift in Sources */ = {isa = PBXBuildFile; fileRef = 77A1C42F2F368ED800D1FE6A /* ModifierKeyDetectorPlugin.swift */; };
		77A1C4BA2F368ED800D1FE6A /* ProfileManager.swift in Sources */ = {isa = PBXBuildFile; fileRef = 77A1C43F2F368ED800D1FE6A /* ProfileManager.swift */; };
		77A1C4BB2F368ED800D1FE6A /* ScreenZone.swift in Sources */ = {isa = PBXBuildFile; fileRef = 77A1C43B2F368ED800D1FE6A /* ScreenZone.swift */; };
		77A1C4BC2F368ED800D1FE6A /* ServicesView.swift in Sources */ = {isa = PBXBuildFile; fileRef = 77A1C4692F368ED800D1FE6A /* ServicesView.swift */; };
		77A1C4BD2F368ED800D1FE6A /* ProfileManagementService.swift in Sources */ = {isa = PBXBuildFile; fileRef = 77A1C43E2F368ED800D1FE6A /* ProfileManagementService.swift */; };
		77A1C4BE2F368ED800D1FE6A /* SettingsImportExportService.swift in Sources */ = {isa = PBXBuildFile; fileRef = 77A1C45E2F368ED800D1FE6A /* SettingsImportExportService.swift */; };
		77A1C4BF2F368ED800D1FE6A /* SettingsView.swift in Sources */ = {isa = PBXBuildFile; fileRef = 77A1C46A2F368ED800D1FE6A /* SettingsView.swift */; };
		77A1C4C02F368ED800D1FE6A /* DefaultProfiles.swift in Sources */ = {isa = PBXBuildFile; fileRef = 77A1C4262F368ED800D1FE6A /* DefaultProfiles.swift */; };
		77A1C4C12F368ED800D1FE6A /* HapticFeedbackService.swift in Sources */ = {isa = PBXBuildFile; fileRef = 77A1C4562F368ED800D1FE6A /* HapticFeedbackService.swift */; };
		77A1C4C22F368ED800D1FE6A /* SystemInformationService.swift in Sources */ = {isa = PBXBuildFile; fileRef = 77A1C45F2F368ED800D1FE6A /* SystemInformationService.swift */; };
		77A1C4C32F368ED800D1FE6A /* GestureConfigurationService.swift in Sources */ = {isa = PBXBuildFile; fileRef = 77A1C4542F368ED800D1FE6A /* GestureConfigurationService.swift */; };
		77A1C4C42F368ED800D1FE6A /* ServicePluginAdapter.swift in Sources */ = {isa = PBXBuildFile; fileRef = 77A1C4472F368ED800D1FE6A /* ServicePluginAdapter.swift */; };
		77A1C4C52F368ED800D1FE6A /* CoreActionsPlugin.swift in Sources */ = {isa = PBXBuildFile; fileRef = 77A1C41B2F368ED800D1FE6A /* CoreActionsPlugin.swift */; };
		77A1C4C62F368ED800D1FE6A /* DeveloperModeToggleService.swift in Sources */ = {isa = PBXBuildFile; fileRef = 77A1C4532F368ED800D1FE6A /* DeveloperModeToggleService.swift */; };
		77A1C4C72F368ED800D1FE6A /* PluginSettings.swift in Sources */ = {isa = PBXBuildFile; fileRef = 77A1C4362F368ED800D1FE6A /* PluginSettings.swift */; };
		77A1C4C82F368ED800D1FE6A /* ActionExecutionManager.swift in Sources */ = {isa = PBXBuildFile; fileRef = 77A1C4132F368ED800D1FE6A /* ActionExecutionManager.swift */; };
		77A1C4C92F368ED800D1FE6A /* AnyCodable.swift in Sources */ = {isa = PBXBuildFile; fileRef = 77A1C4842F368ED800D1FE6A /* AnyCodable.swift */; };
		77A1C4CA2F368ED800D1FE6A /* GesturesView.swift in Sources */ = {isa = PBXBuildFile; fileRef = 77A1C4662F368ED800D1FE6A /* GesturesView.swift */; };
		77A1C4CB2F368ED800D1FE6A /* ScreenZoneDetectorPlugin.swift in Sources */ = {isa = PBXBuildFile; fileRef = 77A1C4312F368ED800D1FE6A /* ScreenZoneDetectorPlugin.swift */; };
		77A1C4CC2F368ED800D1FE6A /* DetectionPluginManager.swift in Sources */ = {isa = PBXBuildFile; fileRef = 77A1C4352F368ED800D1FE6A /* DetectionPluginManager.swift */; };
		77A1C4CD2F368ED800D1FE6A /* AppProfilesView.swift in Sources */ = {isa = PBXBuildFile; fileRef = 77A1C4642F368ED800D1FE6A /* AppProfilesView.swift */; };
		77A1C4CE2F368ED800D1FE6A /* AutomationPlugin.swift in Sources */ = {isa = PBXBuildFile; fileRef = 77A1C4192F368ED800D1FE6A /* AutomationPlugin.swift */; };
		77A1C4CF2F368ED800D1FE6A /* AppDelegate.swift in Sources */ = {isa = PBXBuildFile; fileRef = 77A1C4212F368ED800D1FE6A /* AppDelegate.swift */; };
		77A1C4D02F368ED800D1FE6A /* SavedActionsView.swift in Sources */ = {isa = PBXBuildFile; fileRef = 77A1C4682F368ED800D1FE6A /* SavedActionsView.swift */; };
		77A1C4D12F368ED800D1FE6A /* Configuration.swift in Sources */ = {isa = PBXBuildFile; fileRef = 77A1C4252F368ED800D1FE6A /* Configuration.swift */; };
		77A1C4D22F368ED800D1FE6A /* ProfileImportExportService.swift in Sources */ = {isa = PBXBuildFile; fileRef = 77A1C43D2F368ED800D1FE6A /* ProfileImportExportService.swift */; };
		77A1C4D32F368ED800D1FE6A /* BaseUIPlugin.swift in Sources */ = {isa = PBXBuildFile; fileRef = 77A1C47F2F368ED800D1FE6A /* BaseUIPlugin.swift */; };
		77A1C4D42F368ED800D1FE6A /* Logger.swift in Sources */ = {isa = PBXBuildFile; fileRef = 77A1C4592F368ED800D1FE6A /* Logger.swift */; };
		77A1C4D52F368ED800D1FE6A /* MediaControlPlugin.swift in Sources */ = {isa = PBXBuildFile; fileRef = 77A1C41C2F368ED800D1FE6A /* MediaControlPlugin.swift */; };
		77A1C4D62F368ED800D1FE6A /* WindowTargeting.swift in Sources */ = {isa = PBXBuildFile; fileRef = 77A1C4612F368ED800D1FE6A /* WindowTargeting.swift */; };
		77A1C4D72F368ED800D1FE6A /* PluginManager.swift in Sources */ = {isa = PBXBuildFile; fileRef = 77A1C4152F368ED800D1FE6A /* PluginManager.swift */; };
		77A1C4D82F368ED800D1FE6A /* UIPluginManager.swift in Sources */ = {isa = PBXBuildFile; fileRef = 77A1C4802F368ED800D1FE6A /* UIPluginManager.swift */; };
		77A1C4D92F368ED800D1FE6A /* SavedActions.swift in Sources */ = {isa = PBXBuildFile; fileRef = 77A1C4272F368ED800D1FE6A /* SavedActions.swift */; };
		77A1C4DA2F368ED800D1FE6A /* AccessibilityPermissionManager.swift in Sources */ = {isa = PBXBuildFile; fileRef = 77A1C44C2F368ED800D1FE6A /* AccessibilityPermissionManager.swift */; };
		77A1C4DC2F368ED800D1FE6A /* KeyboardShortcutField.swift in Sources */ = {isa = PBXBuildFile; fileRef = 77A1C4702F368ED800D1FE6A /* KeyboardShortcutField.swift */; };
		77A1C4DD2F368ED800D1FE6A /* ZoneVisualizationService.swift in Sources */ = {isa = PBXBuildFile; fileRef = 77A1C4622F368ED800D1FE6A /* ZoneVisualizationService.swift */; };
		77A1C4DE2F368ED800D1FE6A /* AppConfigurationDetectorPlugin.swift in Sources */ = {isa = PBXBuildFile; fileRef = 77A1C42D2F368ED800D1FE6A /* AppConfigurationDetectorPlugin.swift */; };
		77A1C4DF2F368ED800D1FE6A /* DeveloperView.swift in Sources */ = {isa = PBXBuildFile; fileRef = 77A1C4652F368ED800D1FE6A /* DeveloperView.swift */; };
		77A1C4E02F368ED800D1FE6A /* ProfilesUIPlugin.swift in Sources */ = {isa = PBXBuildFile; fileRef = 77A1C47A2F368ED800D1FE6A /* ProfilesUIPlugin.swift */; };
		77A1C4E12F368ED800D1FE6A /* GestureLookup.swift in Sources */ = {isa = PBXBuildFile; fileRef = 77A1C43A2F368ED800D1FE6A /* GestureLookup.swift */; };
		77A1C4E22F368ED800D1FE6A /* PluginManagementService.swift in Sources */ = {isa = PBXBuildFile; fileRef = 77A1C45C2F368ED800D1FE6A /* PluginManagementService.swift */; };
		77A1C4E32F368ED800D1FE6A /* GesturesUIPlugin.swift in Sources */ = {isa = PBXBuildFile; fileRef = 77A1C4792F368ED800D1FE6A /* GesturesUIPlugin.swift */; };
		77A1C4E42F368ED800D1FE6A /* SystemServicePlugins.swift in Sources */ = {isa = PBXBuildFile; fileRef = 77A1C4452F368ED800D1FE6A /* SystemServicePlugins.swift */; };
		77A1C4E62F368ED800D1FE6A /* ZoneHighlightWindow.swift in Sources */ = {isa = PBXBuildFile; fileRef = 77A1C4752F368ED800D1FE6A /* ZoneHighlightWindow.swift */; };
		77A1C4E72F368ED800D1FE6A /* ServicePluginProtocol.swift in Sources */ = {isa = PBXBuildFile; fileRef = 77A1C4492F368ED800D1FE6A /* ServicePluginProtocol.swift */; };
		BA98418F85ECA410558094B0 /* ActivationComponents.swift in Sources */ = {isa = PBXBuildFile; fileRef = 046848D79A549E69C644FFD7 /* ActivationComponents.swift */; };
		BD884DE9B9DBAF4A53E6123D /* SettingsCategoryProvider.swift in Sources */ = {isa = PBXBuildFile; fileRef = 08AA45A28A2516DB23980BC2 /* SettingsCategoryProvider.swift */; };
		D37249979159DF938C105417 /* BuiltInSettingsCategories.swift in Sources */ = {isa = PBXBuildFile; fileRef = F50141A48E3DD816B8942DA8 /* BuiltInSettingsCategories.swift */; };
		F64847768F1F2D8E06D72CBC /* UIStyles.swift in Sources */ = {isa = PBXBuildFile; fileRef = 8E94445AB3BF094E20E605FC /* UIStyles.swift */; };
/* End PBXBuildFile section */

/* Begin PBXFileReference section */
		046848D79A549E69C644FFD7 /* ActivationComponents.swift */ = {isa = PBXFileReference; lastKnownFileType = sourcecode.swift; name = ActivationComponents.swift; path = MouseGesturesCodeBase/Detection/ActivationComponents.swift; sourceTree = SOURCE_ROOT; };
		08AA45A28A2516DB23980BC2 /* SettingsCategoryProvider.swift */ = {isa = PBXFileReference; lastKnownFileType = sourcecode.swift; name = SettingsCategoryProvider.swift; path = MouseGesturesCodeBase/UI/Settings/SettingsCategoryProvider.swift; sourceTree = SOURCE_ROOT; };
		08B54313B0ED9B193F3749C6 /* ActivationMapper.swift */ = {isa = PBXFileReference; lastKnownFileType = sourcecode.swift; name = ActivationMapper.swift; path = MouseGesturesCodeBase/Detection/DetectionPlugins/Core/ActivationMapper.swift; sourceTree = SOURCE_ROOT; };
		773428682E6E20FD003AB7F1 /* MouseGestures.app */ = {isa = PBXFileReference; explicitFileType = wrapper.application; includeInIndex = 0; path = MouseGestures.app; sourceTree = BUILT_PRODUCTS_DIR; };
		776CFCB22F37AE1300664D2F /* AppIcon.icns */ = {isa = PBXFileReference; lastKnownFileType = image.icns; path = AppIcon.icns; sourceTree = "<group>"; };
		77A1C4132F368ED800D1FE6A /* ActionExecutionManager.swift */ = {isa = PBXFileReference; lastKnownFileType = sourcecode.swift; path = ActionExecutionManager.swift; sourceTree = "<group>"; };
		77A1C4152F368ED800D1FE6A /* PluginManager.swift */ = {isa = PBXFileReference; lastKnownFileType = sourcecode.swift; path = PluginManager.swift; sourceTree = "<group>"; };
		77A1C4162F368ED800D1FE6A /* PluginProtocol.swift */ = {isa = PBXFileReference; lastKnownFileType = sourcecode.swift; path = PluginProtocol.swift; sourceTree = "<group>"; };
		77A1C4172F368ED800D1FE6A /* PluginSandbox.swift */ = {isa = PBXFileReference; lastKnownFileType = sourcecode.swift; path = PluginSandbox.swift; sourceTree = "<group>"; };
		77A1C4192F368ED800D1FE6A /* AutomationPlugin.swift */ = {isa = PBXFileReference; lastKnownFileType = sourcecode.swift; path = AutomationPlugin.swift; sourceTree = "<group>"; };
		77A1C41A2F368ED800D1FE6A /* BundleActionsPlugin.swift */ = {isa = PBXFileReference; lastKnownFileType = sourcecode.swift; path = BundleActionsPlugin.swift; sourceTree = "<group>"; };
		77A1C41B2F368ED800D1FE6A /* CoreActionsPlugin.swift */ = {isa = PBXFileReference; lastKnownFileType = sourcecode.swift; path = CoreActionsPlugin.swift; sourceTree = "<group>"; };
		77A1C41C2F368ED800D1FE6A /* MediaControlPlugin.swift */ = {isa = PBXFileReference; lastKnownFileType = sourcecode.swift; path = MediaControlPlugin.swift; sourceTree = "<group>"; };
		77A1C41D2F368ED800D1FE6A /* SystemControlPlugin.swift */ = {isa = PBXFileReference; lastKnownFileType = sourcecode.swift; path = SystemControlPlugin.swift; sourceTree = "<group>"; };
		77A1C41E2F368ED800D1FE6A /* WindowManagementPlugin.swift */ = {isa = PBXFileReference; lastKnownFileType = sourcecode.swift; path = WindowManagementPlugin.swift; sourceTree = "<group>"; };
		77A1C4212F368ED800D1FE6A /* AppDelegate.swift */ = {isa = PBXFileReference; lastKnownFileType = sourcecode.swift; path = AppDelegate.swift; sourceTree = "<group>"; };
		77A1C4222F368ED800D1FE6A /* MenuIcon.swift */ = {isa = PBXFileReference; lastKnownFileType = sourcecode.swift; path = MenuIcon.swift; sourceTree = "<group>"; };
		77A1C4232F368ED800D1FE6A /* MouseGesturesApp.swift */ = {isa = PBXFileReference; lastKnownFileType = sourcecode.swift; path = MouseGesturesApp.swift; sourceTree = "<group>"; };
		77A1C4252F368ED800D1FE6A /* Configuration.swift */ = {isa = PBXFileReference; lastKnownFileType = sourcecode.swift; path = Configuration.swift; sourceTree = "<group>"; };
		77A1C4262F368ED800D1FE6A /* DefaultProfiles.swift */ = {isa = PBXFileReference; lastKnownFileType = sourcecode.swift; path = DefaultProfiles.swift; sourceTree = "<group>"; };
		77A1C4272F368ED800D1FE6A /* SavedActions.swift */ = {isa = PBXFileReference; lastKnownFileType = sourcecode.swift; path = SavedActions.swift; sourceTree = "<group>"; };
		77A1C4292F368ED800D1FE6A /* BundleConditions.swift */ = {isa = PBXFileReference; lastKnownFileType = sourcecode.swift; path = BundleConditions.swift; sourceTree = "<group>"; };
		77A1C42B2F368ED800D1FE6A /* Gesture.swift */ = {isa = PBXFileReference; lastKnownFileType = sourcecode.swift; path = Gesture.swift; sourceTree = "<group>"; };
		77A1C42D2F368ED800D1FE6A /* AppConfigurationDetectorPlugin.swift */ = {isa = PBXFileReference; lastKnownFileType = sourcecode.swift; path = AppConfigurationDetectorPlugin.swift; sourceTree = "<group>"; };
		77A1C42E2F368ED800D1FE6A /* KeyboardShortcutDetectorPlugin.swift */ = {isa = PBXFileReference; lastKnownFileType = sourcecode.swift; path = KeyboardShortcutDetectorPlugin.swift; sourceTree = "<group>"; };
		77A1C42F2F368ED800D1FE6A /* ModifierKeyDetectorPlugin.swift */ = {isa = PBXFileReference; lastKnownFileType = sourcecode.swift; path = ModifierKeyDetectorPlugin.swift; sourceTree = "<group>"; };
		77A1C4302F368ED800D1FE6A /* MouseButtonDetectorPlugin.swift */ = {isa = PBXFileReference; lastKnownFileType = sourcecode.swift; path = MouseButtonDetectorPlugin.swift; sourceTree = "<group>"; };
		77A1C4312F368ED800D1FE6A /* ScreenZoneDetectorPlugin.swift */ = {isa = PBXFileReference; lastKnownFileType = sourcecode.swift; path = ScreenZoneDetectorPlugin.swift; sourceTree = "<group>"; };
		77A1C4332F368ED800D1FE6A /* ActivationCoordinator.swift */ = {isa = PBXFileReference; lastKnownFileType = sourcecode.swift; path = ActivationCoordinator.swift; sourceTree = "<group>"; };
		77A1C4342F368ED800D1FE6A /* DetectionPlugin.swift */ = {isa = PBXFileReference; lastKnownFileType = sourcecode.swift; path = DetectionPlugin.swift; sourceTree = "<group>"; };
		77A1C4352F368ED800D1FE6A /* DetectionPluginManager.swift */ = {isa = PBXFileReference; lastKnownFileType = sourcecode.swift; path = DetectionPluginManager.swift; sourceTree = "<group>"; };
		77A1C4362F368ED800D1FE6A /* PluginSettings.swift */ = {isa = PBXFileReference; lastKnownFileType = sourcecode.swift; path = PluginSettings.swift; sourceTree = "<group>"; };
		77A1C4392F368ED800D1FE6A /* DragModifier.swift */ = {isa = PBXFileReference; lastKnownFileType = sourcecode.swift; path = DragModifier.swift; sourceTree = "<group>"; };
		77A1C43A2F368ED800D1FE6A /* GestureLookup.swift */ = {isa = PBXFileReference; lastKnownFileType = sourcecode.swift; path = GestureLookup.swift; sourceTree = "<group>"; };
		77A1C43B2F368ED800D1FE6A /* ScreenZone.swift */ = {isa = PBXFileReference; lastKnownFileType = sourcecode.swift; path = ScreenZone.swift; sourceTree = "<group>"; };
		77A1C43D2F368ED800D1FE6A /* ProfileImportExportService.swift */ = {isa = PBXFileReference; lastKnownFileType = sourcecode.swift; path = ProfileImportExportService.swift; sourceTree = "<group>"; };
		77A1C43E2F368ED800D1FE6A /* ProfileManagementService.swift */ = {isa = PBXFileReference; lastKnownFileType = sourcecode.swift; path = ProfileManagementService.swift; sourceTree = "<group>"; };
		77A1C43F2F368ED800D1FE6A /* ProfileManager.swift */ = {isa = PBXFileReference; lastKnownFileType = sourcecode.swift; path = ProfileManager.swift; sourceTree = "<group>"; };
		77A1C4402F368ED800D1FE6A /* ProfileStructures.swift */ = {isa = PBXFileReference; lastKnownFileType = sourcecode.swift; path = ProfileStructures.swift; sourceTree = "<group>"; };
		77A1C4412F368ED800D1FE6A /* ProfileTemplateService.swift */ = {isa = PBXFileReference; lastKnownFileType = sourcecode.swift; path = ProfileTemplateService.swift; sourceTree = "<group>"; };
		77A1C4432F368ED800D1FE6A /* DeveloperServicePlugins.swift */ = {isa = PBXFileReference; lastKnownFileType = sourcecode.swift; path = DeveloperServicePlugins.swift; sourceTree = "<group>"; };
		77A1C4442F368ED800D1FE6A /* GestureServicePlugins.swift */ = {isa = PBXFileReference; lastKnownFileType = sourcecode.swift; path = GestureServicePlugins.swift; sourceTree = "<group>"; };
		77A1C4452F368ED800D1FE6A /* SystemServicePlugins.swift */ = {isa = PBXFileReference; lastKnownFileType = sourcecode.swift; path = SystemServicePlugins.swift; sourceTree = "<group>"; };
		77A1C4472F368ED800D1FE6A /* ServicePluginAdapter.swift */ = {isa = PBXFileReference; lastKnownFileType = sourcecode.swift; path = ServicePluginAdapter.swift; sourceTree = "<group>"; };
		77A1C4482F368ED800D1FE6A /* ServicePluginManager.swift */ = {isa = PBXFileReference; lastKnownFileType = sourcecode.swift; path = ServicePluginManager.swift; sourceTree = "<group>"; };
		77A1C4492F368ED800D1FE6A /* ServicePluginProtocol.swift */ = {isa = PBXFileReference; lastKnownFileType = sourcecode.swift; path = ServicePluginProtocol.swift; sourceTree = "<group>"; };
		77A1C44C2F368ED800D1FE6A /* AccessibilityPermissionManager.swift */ = {isa = PBXFileReference; lastKnownFileType = sourcecode.swift; path = AccessibilityPermissionManager.swift; sourceTree = "<group>"; };
		77A1C44D2F368ED800D1FE6A /* AccessibilityPermissionService.swift */ = {isa = PBXFileReference; lastKnownFileType = sourcecode.swift; path = AccessibilityPermissionService.swift; sourceTree = "<group>"; };
		77A1C44E2F368ED800D1FE6A /* ActionListHelper.swift */ = {isa = PBXFileReference; lastKnownFileType = sourcecode.swift; path = ActionListHelper.swift; sourceTree = "<group>"; };
		77A1C44F2F368ED800D1FE6A /* ApplicationDiscoveryService.swift */ = {isa = PBXFileReference; lastKnownFileType = sourcecode.swift; path = ApplicationDiscoveryService.swift; sourceTree = "<group>"; };
		77A1C4502F368ED800D1FE6A /* ApplicationResetService.swift */ = {isa = PBXFileReference; lastKnownFileType = sourcecode.swift; path = ApplicationResetService.swift; sourceTree = "<group>"; };
		77A1C4512F368ED800D1FE6A /* DebugLoggingService.swift */ = {isa = PBXFileReference; lastKnownFileType = sourcecode.swift; path = DebugLoggingService.swift; sourceTree = "<group>"; };
		77A1C4522F368ED800D1FE6A /* DebugReportService.swift */ = {isa = PBXFileReference; lastKnownFileType = sourcecode.swift; path = DebugReportService.swift; sourceTree = "<group>"; };
		77A1C4532F368ED800D1FE6A /* DeveloperModeToggleService.swift */ = {isa = PBXFileReference; lastKnownFileType = sourcecode.swift; path = DeveloperModeToggleService.swift; sourceTree = "<group>"; };
		77A1C4542F368ED800D1FE6A /* GestureConfigurationService.swift */ = {isa = PBXFileReference; lastKnownFileType = sourcecode.swift; path = GestureConfigurationService.swift; sourceTree = "<group>"; };
		77A1C4552F368ED800D1FE6A /* GestureSearchService.swift */ = {isa = PBXFileReference; lastKnownFileType = sourcecode.swift; path = GestureSearchService.swift; sourceTree = "<group>"; };
		77A1C4562F368ED800D1FE6A /* HapticFeedbackService.swift */ = {isa = PBXFileReference; lastKnownFileType = sourcecode.swift; path = HapticFeedbackService.swift; sourceTree = "<group>"; };
		77A1C4572F368ED800D1FE6A /* LaunchAtLoginService.swift */ = {isa = PBXFileReference; lastKnownFileType = sourcecode.swift; path = LaunchAtLoginService.swift; sourceTree = "<group>"; };
		77A1C4582F368ED800D1FE6A /* LogFileService.swift */ = {isa = PBXFileReference; lastKnownFileType = sourcecode.swift; path = LogFileService.swift; sourceTree = "<group>"; };
		77A1C4592F368ED800D1FE6A /* Logger.swift */ = {isa = PBXFileReference; lastKnownFileType = sourcecode.swift; path = Logger.swift; sourceTree = "<group>"; };
		77A1C45A2F368ED800D1FE6A /* MenuBarVisibilityService.swift */ = {isa = PBXFileReference; lastKnownFileType = sourcecode.swift; path = MenuBarVisibilityService.swift; sourceTree = "<group>"; };
		77A1C45B2F368ED800D1FE6A /* PerformanceMonitorService.swift */ = {isa = PBXFileReference; lastKnownFileType = sourcecode.swift; path = PerformanceMonitorService.swift; sourceTree = "<group>"; };
		77A1C45C2F368ED800D1FE6A /* PluginManagementService.swift */ = {isa = PBXFileReference; lastKnownFileType = sourcecode.swift; path = PluginManagementService.swift; sourceTree = "<group>"; };
		77A1C45D2F368ED800D1FE6A /* SavedActionsSortService.swift */ = {isa = PBXFileReference; lastKnownFileType = sourcecode.swift; path = SavedActionsSortService.swift; sourceTree = "<group>"; };
		77A1C45E2F368ED800D1FE6A /* SettingsImportExportService.swift */ = {isa = PBXFileReference; lastKnownFileType = sourcecode.swift; path = SettingsImportExportService.swift; sourceTree = "<group>"; };
		77A1C45F2F368ED800D1FE6A /* SystemInformationService.swift */ = {isa = PBXFileReference; lastKnownFileType = sourcecode.swift; path = SystemInformationService.swift; sourceTree = "<group>"; };
		77A1C4612F368ED800D1FE6A /* WindowTargeting.swift */ = {isa = PBXFileReference; lastKnownFileType = sourcecode.swift; path = WindowTargeting.swift; sourceTree = "<group>"; };
		77A1C4622F368ED800D1FE6A /* ZoneVisualizationService.swift */ = {isa = PBXFileReference; lastKnownFileType = sourcecode.swift; path = ZoneVisualizationService.swift; sourceTree = "<group>"; };
		77A1C4642F368ED800D1FE6A /* AppProfilesView.swift */ = {isa = PBXFileReference; lastKnownFileType = sourcecode.swift; path = AppProfilesView.swift; sourceTree = "<group>"; };
		77A1C4652F368ED800D1FE6A /* DeveloperView.swift */ = {isa = PBXFileReference; lastKnownFileType = sourcecode.swift; path = DeveloperView.swift; sourceTree = "<group>"; };
		77A1C4662F368ED800D1FE6A /* GesturesView.swift */ = {isa = PBXFileReference; lastKnownFileType = sourcecode.swift; path = GesturesView.swift; sourceTree = "<group>"; };
		77A1C4672F368ED800D1FE6A /* ProfilesView.swift */ = {isa = PBXFileReference; lastKnownFileType = sourcecode.swift; path = ProfilesView.swift; sourceTree = "<group>"; };
		77A1C4682F368ED800D1FE6A /* SavedActionsView.swift */ = {isa = PBXFileReference; lastKnownFileType = sourcecode.swift; path = SavedActionsView.swift; sourceTree = "<group>"; };
		77A1C4692F368ED800D1FE6A /* ServicesView.swift */ = {isa = PBXFileReference; lastKnownFileType = sourcecode.swift; path = ServicesView.swift; sourceTree = "<group>"; };
		77A1C46A2F368ED800D1FE6A /* SettingsView.swift */ = {isa = PBXFileReference; lastKnownFileType = sourcecode.swift; path = SettingsView.swift; sourceTree = "<group>"; };
		77A1C46C2F368ED800D1FE6A /* ActionSelectionView.swift */ = {isa = PBXFileReference; lastKnownFileType = sourcecode.swift; path = ActionSelectionView.swift; sourceTree = "<group>"; };
		77A1C46D2F368ED800D1FE6A /* BundleEditorView.swift */ = {isa = PBXFileReference; lastKnownFileType = sourcecode.swift; path = BundleEditorView.swift; sourceTree = "<group>"; };
		77A1C46E2F368ED800D1FE6A /* GestureConfigurationSheet.swift */ = {isa = PBXFileReference; lastKnownFileType = sourcecode.swift; path = GestureConfigurationSheet.swift; sourceTree = "<group>"; };
		77A1C46F2F368ED800D1FE6A /* ImportDefaultProfiles.swift */ = {isa = PBXFileReference; lastKnownFileType = sourcecode.swift; path = ImportDefaultProfiles.swift; sourceTree = "<group>"; };
		77A1C4702F368ED800D1FE6A /* KeyboardShortcutField.swift */ = {isa = PBXFileReference; lastKnownFileType = sourcecode.swift; path = KeyboardShortcutField.swift; sourceTree = "<group>"; };
		77A1C4712F368ED800D1FE6A /* PluginSettingsView.swift */ = {isa = PBXFileReference; lastKnownFileType = sourcecode.swift; path = PluginSettingsView.swift; sourceTree = "<group>"; };
		77A1C4722F368ED800D1FE6A /* SavedActionConfigurationSheet.swift */ = {isa = PBXFileReference; lastKnownFileType = sourcecode.swift; path = SavedActionConfigurationSheet.swift; sourceTree = "<group>"; };
		77A1C4732F368ED800D1FE6A /* TabManager.swift */ = {isa = PBXFileReference; lastKnownFileType = sourcecode.swift; path = TabManager.swift; sourceTree = "<group>"; };
		77A1C4742F368ED800D1FE6A /* UIServices.swift */ = {isa = PBXFileReference; lastKnownFileType = sourcecode.swift; path = UIServices.swift; sourceTree = "<group>"; };
		77A1C4752F368ED800D1FE6A /* ZoneHighlightWindow.swift */ = {isa = PBXFileReference; lastKnownFileType = sourcecode.swift; path = ZoneHighlightWindow.swift; sourceTree = "<group>"; };
		77A1C4772F368ED800D1FE6A /* AppProfilesUIPlugin.swift */ = {isa = PBXFileReference; lastKnownFileType = sourcecode.swift; path = AppProfilesUIPlugin.swift; sourceTree = "<group>"; };
		77A1C4782F368ED800D1FE6A /* DeveloperUIPlugin.swift */ = {isa = PBXFileReference; lastKnownFileType = sourcecode.swift; path = DeveloperUIPlugin.swift; sourceTree = "<group>"; };
		77A1C4792F368ED800D1FE6A /* GesturesUIPlugin.swift */ = {isa = PBXFileReference; lastKnownFileType = sourcecode.swift; path = GesturesUIPlugin.swift; sourceTree = "<group>"; };
		77A1C47A2F368ED800D1FE6A /* ProfilesUIPlugin.swift */ = {isa = PBXFileReference; lastKnownFileType = sourcecode.swift; path = ProfilesUIPlugin.swift; sourceTree = "<group>"; };
		77A1C47B2F368ED800D1FE6A /* SavedActionsUIPlugin.swift */ = {isa = PBXFileReference; lastKnownFileType = sourcecode.swift; path = SavedActionsUIPlugin.swift; sourceTree = "<group>"; };
		77A1C47C2F368ED800D1FE6A /* ServicesUIPlugin.swift */ = {isa = PBXFileReference; lastKnownFileType = sourcecode.swift; path = ServicesUIPlugin.swift; sourceTree = "<group>"; };
		77A1C47D2F368ED800D1FE6A /* SettingsUIPlugin.swift */ = {isa = PBXFileReference; lastKnownFileType = sourcecode.swift; path = SettingsUIPlugin.swift; sourceTree = "<group>"; };
		77A1C47F2F368ED800D1FE6A /* BaseUIPlugin.swift */ = {isa = PBXFileReference; lastKnownFileType = sourcecode.swift; path = BaseUIPlugin.swift; sourceTree = "<group>"; };
		77A1C4802F368ED800D1FE6A /* UIPluginManager.swift */ = {isa = PBXFileReference; lastKnownFileType = sourcecode.swift; path = UIPluginManager.swift; sourceTree = "<group>"; };
		77A1C4812F368ED800D1FE6A /* UIPluginProtocol.swift */ = {isa = PBXFileReference; lastKnownFileType = sourcecode.swift; path = UIPluginProtocol.swift; sourceTree = "<group>"; };
		77A1C4842F368ED800D1FE6A /* AnyCodable.swift */ = {isa = PBXFileReference; lastKnownFileType = sourcecode.swift; path = AnyCodable.swift; sourceTree = "<group>"; };
		77A1C4852F368ED800D1FE6A /* Extensions.swift */ = {isa = PBXFileReference; lastKnownFileType = sourcecode.swift; path = Extensions.swift; sourceTree = "<group>"; };
		77A1C4872F368ED800D1FE6A /* Info.plist */ = {isa = PBXFileReference; lastKnownFileType = text.plist.xml; path = Info.plist; sourceTree = "<group>"; };
		7A7844B6B3BB98B841022947 /* ActivationComponentService.swift */ = {isa = PBXFileReference; lastKnownFileType = sourcecode.swift; name = ActivationComponentService.swift; path = MouseGesturesCodeBase/Services/ActivationComponentService.swift; sourceTree = SOURCE_ROOT; };
		8E94445AB3BF094E20E605FC /* UIStyles.swift */ = {isa = PBXFileReference; lastKnownFileType = sourcecode.swift; name = UIStyles.swift; path = MouseGesturesCodeBase/UI/UIStyles.swift; sourceTree = SOURCE_ROOT; };
		F1D3401DA8E9283C5710D113 /* GenericActivation.swift */ = {isa = PBXFileReference; lastKnownFileType = sourcecode.swift; name = GenericActivation.swift; path = MouseGesturesCodeBase/Core/GenericActivation.swift; sourceTree = SOURCE_ROOT; };
		F50141A48E3DD816B8942DA8 /* BuiltInSettingsCategories.swift */ = {isa = PBXFileReference; lastKnownFileType = sourcecode.swift; name = BuiltInSettingsCategories.swift; path = MouseGesturesCodeBase/UI/Settings/BuiltInSettingsCategories.swift; sourceTree = SOURCE_ROOT; };
/* End PBXFileReference section */

/* Begin PBXGroup section */
		77A1C4142F368ED800D1FE6A /* Action Execution */ = {
			isa = PBXGroup;
			children = (
				77A1C4132F368ED800D1FE6A /* ActionExecutionManager.swift */,
			);
			path = "Action Execution";
			sourceTree = "<group>";
		};
		77A1C4182F368ED800D1FE6A /* ActionPlugin Management */ = {
			isa = PBXGroup;
			children = (
				77A1C4152F368ED800D1FE6A /* PluginManager.swift */,
				77A1C4162F368ED800D1FE6A /* PluginProtocol.swift */,
				77A1C4172F368ED800D1FE6A /* PluginSandbox.swift */,
			);
			path = "ActionPlugin Management";
			sourceTree = "<group>";
		};
		77A1C41F2F368ED800D1FE6A /* Built-in ActionPlugins */ = {
			isa = PBXGroup;
			children = (
				77A1C4192F368ED800D1FE6A /* AutomationPlugin.swift */,
				77A1C41A2F368ED800D1FE6A /* BundleActionsPlugin.swift */,
				77A1C41B2F368ED800D1FE6A /* CoreActionsPlugin.swift */,
				77A1C41C2F368ED800D1FE6A /* MediaControlPlugin.swift */,
				77A1C41D2F368ED800D1FE6A /* SystemControlPlugin.swift */,
				77A1C41E2F368ED800D1FE6A /* WindowManagementPlugin.swift */,
			);
			path = "Built-in ActionPlugins";
			sourceTree = "<group>";
		};
		77A1C4202F368ED800D1FE6A /* ActionPlugins */ = {
			isa = PBXGroup;
			children = (
				77A1C4182F368ED800D1FE6A /* ActionPlugin Management */,
				77A1C41F2F368ED800D1FE6A /* Built-in ActionPlugins */,
			);
			path = ActionPlugins;
			sourceTree = "<group>";
		};
		77A1C4242F368ED800D1FE6A /* App */ = {
			isa = PBXGroup;
			children = (
				77A1C4212F368ED800D1FE6A /* AppDelegate.swift */,
				77A1C4222F368ED800D1FE6A /* MenuIcon.swift */,
				77A1C4232F368ED800D1FE6A /* MouseGesturesApp.swift */,
			);
			path = App;
			sourceTree = "<group>";
		};
		77A1C4282F368ED800D1FE6A /* Configuration */ = {
			isa = PBXGroup;
			children = (
				77A1C4252F368ED800D1FE6A /* Configuration.swift */,
				77A1C4262F368ED800D1FE6A /* DefaultProfiles.swift */,
				77A1C4272F368ED800D1FE6A /* SavedActions.swift */,
			);
			path = Configuration;
			sourceTree = "<group>";
		};
		77A1C42C2F368ED800D1FE6A /* Core */ = {
			isa = PBXGroup;
			children = (
				77A1C4292F368ED800D1FE6A /* BundleConditions.swift */,
				77A1C42B2F368ED800D1FE6A /* Gesture.swift */,
				F1D3401DA8E9283C5710D113 /* GenericActivation.swift */,
			);
			path = Core;
			sourceTree = "<group>";
		};
		77A1C4322F368ED800D1FE6A /* Built-in Plugins */ = {
			isa = PBXGroup;
			children = (
				77A1C42D2F368ED800D1FE6A /* AppConfigurationDetectorPlugin.swift */,
				77A1C42E2F368ED800D1FE6A /* KeyboardShortcutDetectorPlugin.swift */,
				77A1C42F2F368ED800D1FE6A /* ModifierKeyDetectorPlugin.swift */,
				77A1C4302F368ED800D1FE6A /* MouseButtonDetectorPlugin.swift */,
				77A1C4312F368ED800D1FE6A /* ScreenZoneDetectorPlugin.swift */,
			);
			path = "Built-in Plugins";
			sourceTree = "<group>";
		};
		77A1C4372F368ED800D1FE6A /* Core */ = {
			isa = PBXGroup;
			children = (
				77A1C4332F368ED800D1FE6A /* ActivationCoordinator.swift */,
				77A1C4342F368ED800D1FE6A /* DetectionPlugin.swift */,
				77A1C4352F368ED800D1FE6A /* DetectionPluginManager.swift */,
				77A1C4362F368ED800D1FE6A /* PluginSettings.swift */,
				08B54313B0ED9B193F3749C6 /* ActivationMapper.swift */,
			);
			path = Core;
			sourceTree = "<group>";
		};
		77A1C4382F368ED800D1FE6A /* DetectionPlugins */ = {
			isa = PBXGroup;
			children = (
				77A1C4322F368ED800D1FE6A /* Built-in Plugins */,
				77A1C4372F368ED800D1FE6A /* Core */,
			);
			path = DetectionPlugins;
			sourceTree = "<group>";
		};
		77A1C43C2F368ED800D1FE6A /* Detection */ = {
			isa = PBXGroup;
			children = (
				77A1C4382F368ED800D1FE6A /* DetectionPlugins */,
				77A1C4392F368ED800D1FE6A /* DragModifier.swift */,
				77A1C43A2F368ED800D1FE6A /* GestureLookup.swift */,
				77A1C43B2F368ED800D1FE6A /* ScreenZone.swift */,
				046848D79A549E69C644FFD7 /* ActivationComponents.swift */,
			);
			path = Detection;
			sourceTree = "<group>";
		};
		77A1C4422F368ED800D1FE6A /* Profiles */ = {
			isa = PBXGroup;
			children = (
				77A1C43D2F368ED800D1FE6A /* ProfileImportExportService.swift */,
				77A1C43E2F368ED800D1FE6A /* ProfileManagementService.swift */,
				77A1C43F2F368ED800D1FE6A /* ProfileManager.swift */,
				77A1C4402F368ED800D1FE6A /* ProfileStructures.swift */,
				77A1C4412F368ED800D1FE6A /* ProfileTemplateService.swift */,
			);
			path = Profiles;
			sourceTree = "<group>";
		};
		77A1C4462F368ED800D1FE6A /* Built-in */ = {
			isa = PBXGroup;
			children = (
				77A1C4432F368ED800D1FE6A /* DeveloperServicePlugins.swift */,
				77A1C4442F368ED800D1FE6A /* GestureServicePlugins.swift */,
				77A1C4452F368ED800D1FE6A /* SystemServicePlugins.swift */,
			);
			path = "Built-in";
			sourceTree = "<group>";
		};
		77A1C44A2F368ED800D1FE6A /* Core */ = {
			isa = PBXGroup;
			children = (
				77A1C4472F368ED800D1FE6A /* ServicePluginAdapter.swift */,
				77A1C4482F368ED800D1FE6A /* ServicePluginManager.swift */,
				77A1C4492F368ED800D1FE6A /* ServicePluginProtocol.swift */,
			);
			path = Core;
			sourceTree = "<group>";
		};
		77A1C44B2F368ED800D1FE6A /* ServicePlugins */ = {
			isa = PBXGroup;
			children = (
				77A1C4462F368ED800D1FE6A /* Built-in */,
				77A1C44A2F368ED800D1FE6A /* Core */,
			);
			path = ServicePlugins;
			sourceTree = "<group>";
		};
		77A1C4632F368ED800D1FE6A /* Services */ = {
			isa = PBXGroup;
			children = (
				77A1C44C2F368ED800D1FE6A /* AccessibilityPermissionManager.swift */,
				77A1C44D2F368ED800D1FE6A /* AccessibilityPermissionService.swift */,
				77A1C44E2F368ED800D1FE6A /* ActionListHelper.swift */,
				77A1C44F2F368ED800D1FE6A /* ApplicationDiscoveryService.swift */,
				77A1C4502F368ED800D1FE6A /* ApplicationResetService.swift */,
				77A1C4512F368ED800D1FE6A /* DebugLoggingService.swift */,
				77A1C4522F368ED800D1FE6A /* DebugReportService.swift */,
				77A1C4532F368ED800D1FE6A /* DeveloperModeToggleService.swift */,
				77A1C4542F368ED800D1FE6A /* GestureConfigurationService.swift */,
				77A1C4552F368ED800D1FE6A /* GestureSearchService.swift */,
				77A1C4562F368ED800D1FE6A /* HapticFeedbackService.swift */,
				77A1C4572F368ED800D1FE6A /* LaunchAtLoginService.swift */,
				77A1C4582F368ED800D1FE6A /* LogFileService.swift */,
				77A1C4592F368ED800D1FE6A /* Logger.swift */,
				77A1C45A2F368ED800D1FE6A /* MenuBarVisibilityService.swift */,
				77A1C45B2F368ED800D1FE6A /* PerformanceMonitorService.swift */,
				77A1C45C2F368ED800D1FE6A /* PluginManagementService.swift */,
				77A1C45D2F368ED800D1FE6A /* SavedActionsSortService.swift */,
				77A1C45E2F368ED800D1FE6A /* SettingsImportExportService.swift */,
				77A1C45F2F368ED800D1FE6A /* SystemInformationService.swift */,
				77A1C4612F368ED800D1FE6A /* WindowTargeting.swift */,
				77A1C4622F368ED800D1FE6A /* ZoneVisualizationService.swift */,
				7A7844B6B3BB98B841022947 /* ActivationComponentService.swift */,
			);
			path = Services;
			sourceTree = "<group>";
		};
		77A1C46B2F368ED800D1FE6A /* Tabs */ = {
			isa = PBXGroup;
			children = (
				77A1C4642F368ED800D1FE6A /* AppProfilesView.swift */,
				77A1C4652F368ED800D1FE6A /* DeveloperView.swift */,
				77A1C4662F368ED800D1FE6A /* GesturesView.swift */,
				77A1C4672F368ED800D1FE6A /* ProfilesView.swift */,
				77A1C4682F368ED800D1FE6A /* SavedActionsView.swift */,
				77A1C4692F368ED800D1FE6A /* ServicesView.swift */,
				77A1C46A2F368ED800D1FE6A /* SettingsView.swift */,
			);
			path = Tabs;
			sourceTree = "<group>";
		};
		77A1C4762F368ED800D1FE6A /* UI */ = {
			isa = PBXGroup;
			children = (
				77A1C46B2F368ED800D1FE6A /* Tabs */,
				77A1C46C2F368ED800D1FE6A /* ActionSelectionView.swift */,
				77A1C46D2F368ED800D1FE6A /* BundleEditorView.swift */,
				77A1C46E2F368ED800D1FE6A /* GestureConfigurationSheet.swift */,
				77A1C46F2F368ED800D1FE6A /* ImportDefaultProfiles.swift */,
				77A1C4702F368ED800D1FE6A /* KeyboardShortcutField.swift */,
				77A1C4712F368ED800D1FE6A /* PluginSettingsView.swift */,
				77A1C4722F368ED800D1FE6A /* SavedActionConfigurationSheet.swift */,
				77A1C4732F368ED800D1FE6A /* TabManager.swift */,
				77A1C4742F368ED800D1FE6A /* UIServices.swift */,
				77A1C4752F368ED800D1FE6A /* ZoneHighlightWindow.swift */,
				BF6148DCB25FBECE315D028A /* Settings */,
				8E94445AB3BF094E20E605FC /* UIStyles.swift */,
			);
			path = UI;
			sourceTree = "<group>";
		};
		77A1C47E2F368ED800D1FE6A /* Built-in */ = {
			isa = PBXGroup;
			children = (
				77A1C4772F368ED800D1FE6A /* AppProfilesUIPlugin.swift */,
				77A1C4782F368ED800D1FE6A /* DeveloperUIPlugin.swift */,
				77A1C4792F368ED800D1FE6A /* GesturesUIPlugin.swift */,
				77A1C47A2F368ED800D1FE6A /* ProfilesUIPlugin.swift */,
				77A1C47B2F368ED800D1FE6A /* SavedActionsUIPlugin.swift */,
				77A1C47C2F368ED800D1FE6A /* ServicesUIPlugin.swift */,
				77A1C47D2F368ED800D1FE6A /* SettingsUIPlugin.swift */,
			);
			path = "Built-in";
			sourceTree = "<group>";
		};
		77A1C4822F368ED800D1FE6A /* Core */ = {
			isa = PBXGroup;
			children = (
				77A1C47F2F368ED800D1FE6A /* BaseUIPlugin.swift */,
				77A1C4802F368ED800D1FE6A /* UIPluginManager.swift */,
				77A1C4812F368ED800D1FE6A /* UIPluginProtocol.swift */,
			);
			path = Core;
			sourceTree = "<group>";
		};
		77A1C4832F368ED800D1FE6A /* UIPlugins */ = {
			isa = PBXGroup;
			children = (
				77A1C47E2F368ED800D1FE6A /* Built-in */,
				77A1C4822F368ED800D1FE6A /* Core */,
			);
			path = UIPlugins;
			sourceTree = "<group>";
		};
		77A1C4862F368ED800D1FE6A /* Utilities */ = {
			isa = PBXGroup;
			children = (
				77A1C4842F368ED800D1FE6A /* AnyCodable.swift */,
				77A1C4852F368ED800D1FE6A /* Extensions.swift */,
			);
			path = Utilities;
			sourceTree = "<group>";
		};
		77A1C4882F368ED800D1FE6A /* MouseGesturesCodeBase */ = {
			isa = PBXGroup;
			children = (
				77A1C4142F368ED800D1FE6A /* Action Execution */,
				77A1C4202F368ED800D1FE6A /* ActionPlugins */,
				77A1C4242F368ED800D1FE6A /* App */,
				77A1C4282F368ED800D1FE6A /* Configuration */,
				77A1C42C2F368ED800D1FE6A /* Core */,
				77A1C43C2F368ED800D1FE6A /* Detection */,
				77A1C4422F368ED800D1FE6A /* Profiles */,
				77A1C44B2F368ED800D1FE6A /* ServicePlugins */,
				77A1C4632F368ED800D1FE6A /* Services */,
				77A1C4762F368ED800D1FE6A /* UI */,
				77A1C4832F368ED800D1FE6A /* UIPlugins */,
				77A1C4862F368ED800D1FE6A /* Utilities */,
				776CFCB22F37AE1300664D2F /* AppIcon.icns */,
				77A1C4872F368ED800D1FE6A /* Info.plist */,
			);
			path = MouseGesturesCodeBase;
			sourceTree = "<group>";
		};
		A1234567890123456789014D = {
			isa = PBXGroup;
			children = (
				77A1C4882F368ED800D1FE6A /* MouseGesturesCodeBase */,
				773428682E6E20FD003AB7F1 /* MouseGestures.app */,
			);
			sourceTree = "<group>";
		};
		BF6148DCB25FBECE315D028A /* Settings */ = {
			isa = PBXGroup;
			children = (
				08AA45A28A2516DB23980BC2 /* SettingsCategoryProvider.swift */,
				F50141A48E3DD816B8942DA8 /* BuiltInSettingsCategories.swift */,
			);
			name = Settings;
			sourceTree = "<group>";
		};
/* End PBXGroup section */

/* Begin PBXNativeTarget section */
		A1234567890123456789015A /* MouseGestures */ = {
			isa = PBXNativeTarget;
			buildConfigurationList = A1234567890123456789015B /* Build configuration list for PBXNativeTarget "MouseGestures" */;
			buildPhases = (
				A1234567890123456789015C /* Sources */,
				A1234567890123456789015D /* Resources */,
			);
			buildRules = (
			);
			dependencies = (
			);
			name = MouseGestures;
			productName = MouseGestures;
			productReference = 773428682E6E20FD003AB7F1 /* MouseGestures.app */;
			productType = "com.apple.product-type.application";
		};
/* End PBXNativeTarget section */

/* Begin PBXProject section */
		A1234567890123456789015E /* Project object */ = {
			isa = PBXProject;
			attributes = {
				BuildIndependentTargetsInParallel = 1;
				LastSwiftUpdateCheck = 1430;
				LastUpgradeCheck = 2620;
				TargetAttributes = {
					A1234567890123456789015A = {
						CreatedOnToolsVersion = 14.3;
					};
				};
			};
			buildConfigurationList = A1234567890123456789015F /* Build configuration list for PBXProject "MouseGestures" */;
			compatibilityVersion = "Xcode 14.0";
			developmentRegion = en;
			hasScannedForEncodings = 0;
			knownRegions = (
				en,
				Base,
			);
			mainGroup = A1234567890123456789014D;
			productRefGroup = A1234567890123456789014D;
			projectDirPath = "";
			projectRoot = "";
			targets = (
				A1234567890123456789015A /* MouseGestures */,
			);
		};
/* End PBXProject section */

/* Begin PBXResourcesBuildPhase section */
		A1234567890123456789015D /* Resources */ = {
			isa = PBXResourcesBuildPhase;
			buildActionMask = 2147483647;
			files = (
				776CFCB32F37AE1300664D2F /* AppIcon.icns in Resources */,
			);
			runOnlyForDeploymentPostprocessing = 0;
		};
/* End PBXResourcesBuildPhase section */

/* Begin PBXSourcesBuildPhase section */
		A1234567890123456789015C /* Sources */ = {
			isa = PBXSourcesBuildPhase;
			buildActionMask = 2147483647;
			files = (
				77A1C48A2F368ED800D1FE6A /* PluginProtocol.swift in Sources */,
				77A1C48B2F368ED800D1FE6A /* PerformanceMonitorService.swift in Sources */,
				77A1C48C2F368ED800D1FE6A /* LaunchAtLoginService.swift in Sources */,
				77A1C48D2F368ED800D1FE6A /* BundleActionsPlugin.swift in Sources */,
				77A1C48E2F368ED800D1FE6A /* WindowManagementPlugin.swift in Sources */,
				77A1C48F2F368ED800D1FE6A /* MenuIcon.swift in Sources */,
				77A1C4902F368ED800D1FE6A /* PluginSettingsView.swift in Sources */,
				77A1C4912F368ED800D1FE6A /* PluginSandbox.swift in Sources */,
				77A1C4922F368ED800D1FE6A /* DragModifier.swift in Sources */,
				77A1C4932F368ED800D1FE6A /* GestureConfigurationSheet.swift in Sources */,
				77A1C4942F368ED800D1FE6A /* DeveloperServicePlugins.swift in Sources */,
				77A1C4952F368ED800D1FE6A /* ServicePluginManager.swift in Sources */,
				77A1C4962F368ED800D1FE6A /* UIServices.swift in Sources */,
				77A1C4972F368ED800D1FE6A /* AccessibilityPermissionService.swift in Sources */,
				77A1C4982F368ED800D1FE6A /* GestureServicePlugins.swift in Sources */,
				77A1C4992F368ED800D1FE6A /* DebugLoggingService.swift in Sources */,
				77A1C49A2F368ED800D1FE6A /* ActivationCoordinator.swift in Sources */,
				77A1C49B2F368ED800D1FE6A /* MouseGesturesApp.swift in Sources */,
				77A1C49C2F368ED800D1FE6A /* MenuBarVisibilityService.swift in Sources */,
				77A1C49D2F368ED800D1FE6A /* ProfilesView.swift in Sources */,
				77A1C49E2F368ED800D1FE6A /* ActionSelectionView.swift in Sources */,
				77A1C49F2F368ED800D1FE6A /* KeyboardShortcutDetectorPlugin.swift in Sources */,
				77A1C4A02F368ED800D1FE6A /* SavedActionsUIPlugin.swift in Sources */,
				77A1C4A12F368ED800D1FE6A /* ApplicationDiscoveryService.swift in Sources */,
				77A1C4A22F368ED800D1FE6A /* DetectionPlugin.swift in Sources */,
				77A1C4A32F368ED800D1FE6A /* SavedActionConfigurationSheet.swift in Sources */,
				77A1C4A42F368ED800D1FE6A /* GestureSearchService.swift in Sources */,
				77A1C4A52F368ED800D1FE6A /* AppProfilesUIPlugin.swift in Sources */,
				77A1C4A62F368ED800D1FE6A /* TabManager.swift in Sources */,
				77A1C4A72F368ED800D1FE6A /* MouseButtonDetectorPlugin.swift in Sources */,
				77A1C4A82F368ED800D1FE6A /* SystemControlPlugin.swift in Sources */,
				77A1C4A92F368ED800D1FE6A /* ApplicationResetService.swift in Sources */,
				77A1C4AA2F368ED800D1FE6A /* DebugReportService.swift in Sources */,
				77A1C4AB2F368ED800D1FE6A /* SettingsUIPlugin.swift in Sources */,
				77A1C4AC2F368ED800D1FE6A /* ImportDefaultProfiles.swift in Sources */,
				77A1C4AD2F368ED800D1FE6A /* LogFileService.swift in Sources */,
				77A1C4AE2F368ED800D1FE6A /* UIPluginProtocol.swift in Sources */,
				77A1C4AF2F368ED800D1FE6A /* Extensions.swift in Sources */,
				77A1C4B02F368ED800D1FE6A /* Gesture.swift in Sources */,
				77A1C4B12F368ED800D1FE6A /* SavedActionsSortService.swift in Sources */,
				77A1C4B22F368ED800D1FE6A /* ProfileStructures.swift in Sources */,
				77A1C4B32F368ED800D1FE6A /* DeveloperUIPlugin.swift in Sources */,
				77A1C4B42F368ED800D1FE6A /* ServicesUIPlugin.swift in Sources */,
				77A1C4B52F368ED800D1FE6A /* BundleEditorView.swift in Sources */,
				77A1C4B62F368ED800D1FE6A /* ProfileTemplateService.swift in Sources */,
				77A1C4B72F368ED800D1FE6A /* BundleConditions.swift in Sources */,
				77A1C4B82F368ED800D1FE6A /* ActionListHelper.swift in Sources */,
				77A1C4B92F368ED800D1FE6A /* ModifierKeyDetectorPlugin.swift in Sources */,
				77A1C4BA2F368ED800D1FE6A /* ProfileManager.swift in Sources */,
				77A1C4BB2F368ED800D1FE6A /* ScreenZone.swift in Sources */,
				77A1C4BC2F368ED800D1FE6A /* ServicesView.swift in Sources */,
				77A1C4BD2F368ED800D1FE6A /* ProfileManagementService.swift in Sources */,
				77A1C4BE2F368ED800D1FE6A /* SettingsImportExportService.swift in Sources */,
				77A1C4BF2F368ED800D1FE6A /* SettingsView.swift in Sources */,
				77A1C4C02F368ED800D1FE6A /* DefaultProfiles.swift in Sources */,
				77A1C4C12F368ED800D1FE6A /* HapticFeedbackService.swift in Sources */,
				77A1C4C22F368ED800D1FE6A /* SystemInformationService.swift in Sources */,
				77A1C4C32F368ED800D1FE6A /* GestureConfigurationService.swift in Sources */,
				77A1C4C42F368ED800D1FE6A /* ServicePluginAdapter.swift in Sources */,
				77A1C4C52F368ED800D1FE6A /* CoreActionsPlugin.swift in Sources */,
				77A1C4C62F368ED800D1FE6A /* DeveloperModeToggleService.swift in Sources */,
				77A1C4C72F368ED800D1FE6A /* PluginSettings.swift in Sources */,
				77A1C4C82F368ED800D1FE6A /* ActionExecutionManager.swift in Sources */,
				77A1C4C92F368ED800D1FE6A /* AnyCodable.swift in Sources */,
				77A1C4CA2F368ED800D1FE6A /* GesturesView.swift in Sources */,
				77A1C4CB2F368ED800D1FE6A /* ScreenZoneDetectorPlugin.swift in Sources */,
				77A1C4CC2F368ED800D1FE6A /* DetectionPluginManager.swift in Sources */,
				77A1C4CD2F368ED800D1FE6A /* AppProfilesView.swift in Sources */,
				77A1C4CE2F368ED800D1FE6A /* AutomationPlugin.swift in Sources */,
				77A1C4CF2F368ED800D1FE6A /* AppDelegate.swift in Sources */,
				77A1C4D02F368ED800D1FE6A /* SavedActionsView.swift in Sources */,
				77A1C4D12F368ED800D1FE6A /* Configuration.swift in Sources */,
				77A1C4D22F368ED800D1FE6A /* ProfileImportExportService.swift in Sources */,
				77A1C4D32F368ED800D1FE6A /* BaseUIPlugin.swift in Sources */,
				77A1C4D42F368ED800D1FE6A /* Logger.swift in Sources */,
				77A1C4D52F368ED800D1FE6A /* MediaControlPlugin.swift in Sources */,
				77A1C4D62F368ED800D1FE6A /* WindowTargeting.swift in Sources */,
				77A1C4D72F368ED800D1FE6A /* PluginManager.swift in Sources */,
				77A1C4D82F368ED800D1FE6A /* UIPluginManager.swift in Sources */,
				77A1C4D92F368ED800D1FE6A /* SavedActions.swift in Sources */,
				77A1C4DA2F368ED800D1FE6A /* AccessibilityPermissionManager.swift in Sources */,
				77A1C4DC2F368ED800D1FE6A /* KeyboardShortcutField.swift in Sources */,
				77A1C4DD2F368ED800D1FE6A /* ZoneVisualizationService.swift in Sources */,
				77A1C4DE2F368ED800D1FE6A /* AppConfigurationDetectorPlugin.swift in Sources */,
				77A1C4DF2F368ED800D1FE6A /* DeveloperView.swift in Sources */,
				77A1C4E02F368ED800D1FE6A /* ProfilesUIPlugin.swift in Sources */,
				77A1C4E12F368ED800D1FE6A /* GestureLookup.swift in Sources */,
				77A1C4E22F368ED800D1FE6A /* PluginManagementService.swift in Sources */,
				77A1C4E32F368ED800D1FE6A /* GesturesUIPlugin.swift in Sources */,
				77A1C4E42F368ED800D1FE6A /* SystemServicePlugins.swift in Sources */,
				77A1C4E62F368ED800D1FE6A /* ZoneHighlightWindow.swift in Sources */,
				77A1C4E72F368ED800D1FE6A /* ServicePluginProtocol.swift in Sources */,
				BD884DE9B9DBAF4A53E6123D /* SettingsCategoryProvider.swift in Sources */,
				D37249979159DF938C105417 /* BuiltInSettingsCategories.swift in Sources */,
				231D4D12905AE874B7331D1A /* ActivationMapper.swift in Sources */,
				BA98418F85ECA410558094B0 /* ActivationComponents.swift in Sources */,
				212E4EB8A4F446405206B88D /* ActivationComponentService.swift in Sources */,
				410A4D418988160F289DF05D /* GenericActivation.swift in Sources */,
				F64847768F1F2D8E06D72CBC /* UIStyles.swift in Sources */,
			);
			runOnlyForDeploymentPostprocessing = 0;
		};
/* End PBXSourcesBuildPhase section */

/* Begin XCBuildConfiguration section */
		A1234567890123456789016A /* Debug */ = {
			isa = XCBuildConfiguration;
			buildSettings = {
				ALWAYS_SEARCH_USER_PATHS = NO;
				CLANG_ANALYZER_NONNULL = YES;
				CLANG_ANALYZER_NUMBER_OBJECT_CONVERSION = YES_AGGRESSIVE;
				CLANG_CXX_LANGUAGE_STANDARD = "gnu++20";
				CLANG_ENABLE_MODULES = YES;
				CLANG_ENABLE_OBJC_ARC = YES;
				CLANG_ENABLE_OBJC_WEAK = YES;
				CLANG_WARN_BLOCK_CAPTURE_AUTORELEASING = YES;
				CLANG_WARN_BOOL_CONVERSION = YES;
				CLANG_WARN_COMMA = YES;
				CLANG_WARN_CONSTANT_CONVERSION = YES;
				CLANG_WARN_DEPRECATED_OBJC_IMPLEMENTATIONS = YES;
				CLANG_WARN_DIRECT_OBJC_ISA_USAGE = YES_ERROR;
				CLANG_WARN_DOCUMENTATION_COMMENTS = YES;
				CLANG_WARN_EMPTY_BODY = YES;
				CLANG_WARN_ENUM_CONVERSION = YES;
				CLANG_WARN_INFINITE_RECURSION = YES;
				CLANG_WARN_INT_CONVERSION = YES;
				CLANG_WARN_NON_LITERAL_NULL_CONVERSION = YES;
				CLANG_WARN_OBJC_IMPLICIT_RETAIN_SELF = YES;
				CLANG_WARN_OBJC_LITERAL_CONVERSION = YES;
				CLANG_WARN_OBJC_ROOT_CLASS = YES_ERROR;
				CLANG_WARN_QUOTED_INCLUDE_IN_FRAMEWORK_HEADER = YES;
				CLANG_WARN_RANGE_LOOP_ANALYSIS = YES;
				CLANG_WARN_STRICT_PROTOTYPES = YES;
				CLANG_WARN_SUSPICIOUS_MOVE = YES;
				CLANG_WARN_UNGUARDED_AVAILABILITY = YES_AGGRESSIVE;
				CLANG_WARN_UNREACHABLE_CODE = YES;
				CLANG_WARN__DUPLICATE_METHOD_MATCH = YES;
				CODE_SIGN_IDENTITY = "Apple Development";
				COPY_PHASE_STRIP = NO;
				DEAD_CODE_STRIPPING = YES;
				DEBUG_INFORMATION_FORMAT = dwarf;
				ENABLE_STRICT_OBJC_MSGSEND = YES;
				ENABLE_TESTABILITY = YES;
				ENABLE_USER_SCRIPT_SANDBOXING = NO;
				GCC_C_LANGUAGE_STANDARD = gnu11;
				GCC_DYNAMIC_NO_PIC = NO;
				GCC_NO_COMMON_BLOCKS = YES;
				GCC_OPTIMIZATION_LEVEL = 0;
				GCC_PREPROCESSOR_DEFINITIONS = (
					"DEBUG=1",
					"$(inherited)",
				);
				GCC_WARN_64_TO_32_BIT_CONVERSION = YES;
				GCC_WARN_ABOUT_RETURN_TYPE = YES_ERROR;
				GCC_WARN_UNDECLARED_SELECTOR = YES;
				GCC_WARN_UNINITIALIZED_AUTOS = YES_AGGRESSIVE;
				GCC_WARN_UNUSED_FUNCTION = YES;
				GCC_WARN_UNUSED_VARIABLE = YES;
				MACOSX_DEPLOYMENT_TARGET = 13.0;
				MTL_ENABLE_DEBUG_INFO = INCLUDE_SOURCE;
				MTL_FAST_MATH = YES;
				ONLY_ACTIVE_ARCH = YES;
				SDKROOT = macosx;
				STRING_CATALOG_GENERATE_SYMBOLS = YES;
				SWIFT_ACTIVE_COMPILATION_CONDITIONS = DEBUG;
				SWIFT_OPTIMIZATION_LEVEL = "-Onone";
			};
			name = Debug;
		};
		A1234567890123456789016B /* Release */ = {
			isa = XCBuildConfiguration;
			buildSettings = {
				ALWAYS_SEARCH_USER_PATHS = NO;
				CLANG_ANALYZER_NONNULL = YES;
				CLANG_ANALYZER_NUMBER_OBJECT_CONVERSION = YES_AGGRESSIVE;
				CLANG_CXX_LANGUAGE_STANDARD = "gnu++20";
				CLANG_ENABLE_MODULES = YES;
				CLANG_ENABLE_OBJC_ARC = YES;
				CLANG_ENABLE_OBJC_WEAK = YES;
				CLANG_WARN_BLOCK_CAPTURE_AUTORELEASING = YES;
				CLANG_WARN_BOOL_CONVERSION = YES;
				CLANG_WARN_COMMA = YES;
				CLANG_WARN_CONSTANT_CONVERSION = YES;
				CLANG_WARN_DEPRECATED_OBJC_IMPLEMENTATIONS = YES;
				CLANG_WARN_DIRECT_OBJC_ISA_USAGE = YES_ERROR;
				CLANG_WARN_DOCUMENTATION_COMMENTS = YES;
				CLANG_WARN_EMPTY_BODY = YES;
				CLANG_WARN_ENUM_CONVERSION = YES;
				CLANG_WARN_INFINITE_RECURSION = YES;
				CLANG_WARN_INT_CONVERSION = YES;
				CLANG_WARN_NON_LITERAL_NULL_CONVERSION = YES;
				CLANG_WARN_OBJC_IMPLICIT_RETAIN_SELF = YES;
				CLANG_WARN_OBJC_LITERAL_CONVERSION = YES;
				CLANG_WARN_OBJC_ROOT_CLASS = YES_ERROR;
				CLANG_WARN_QUOTED_INCLUDE_IN_FRAMEWORK_HEADER = YES;
				CLANG_WARN_RANGE_LOOP_ANALYSIS = YES;
				CLANG_WARN_STRICT_PROTOTYPES = YES;
				CLANG_WARN_SUSPICIOUS_MOVE = YES;
				CLANG_WARN_UNGUARDED_AVAILABILITY = YES_AGGRESSIVE;
				CLANG_WARN_UNREACHABLE_CODE = YES;
				CLANG_WARN__DUPLICATE_METHOD_MATCH = YES;
				CODE_SIGN_IDENTITY = "Apple Development";
				COPY_PHASE_STRIP = NO;
				DEAD_CODE_STRIPPING = YES;
				DEBUG_INFORMATION_FORMAT = "dwarf-with-dsym";
				ENABLE_NS_ASSERTIONS = NO;
				ENABLE_STRICT_OBJC_MSGSEND = YES;
				ENABLE_USER_SCRIPT_SANDBOXING = NO;
				GCC_C_LANGUAGE_STANDARD = gnu11;
				GCC_NO_COMMON_BLOCKS = YES;
				GCC_WARN_64_TO_32_BIT_CONVERSION = YES;
				GCC_WARN_ABOUT_RETURN_TYPE = YES_ERROR;
				GCC_WARN_UNDECLARED_SELECTOR = YES;
				GCC_WARN_UNINITIALIZED_AUTOS = YES_AGGRESSIVE;
				GCC_WARN_UNUSED_FUNCTION = YES;
				GCC_WARN_UNUSED_VARIABLE = YES;
				MACOSX_DEPLOYMENT_TARGET = 13.0;
				MTL_ENABLE_DEBUG_INFO = NO;
				MTL_FAST_MATH = YES;
				SDKROOT = macosx;
				STRING_CATALOG_GENERATE_SYMBOLS = YES;
				SWIFT_COMPILATION_MODE = wholemodule;
				SWIFT_OPTIMIZATION_LEVEL = "-O";
			};
			name = Release;
		};
		A1234567890123456789016C /* Debug */ = {
			isa = XCBuildConfiguration;
			buildSettings = {
				ASSETCATALOG_COMPILER_APPICON_NAME = AppIcon;
				ASSETCATALOG_COMPILER_GLOBAL_ACCENT_COLOR_NAME = AccentColor;
				CODE_SIGN_ENTITLEMENTS = "";
				CODE_SIGN_IDENTITY = "Apple Development";
				"CODE_SIGN_IDENTITY[sdk=macosx*]" = "Apple Development";
				CODE_SIGN_STYLE = Automatic;
				COMBINE_HIDPI_IMAGES = YES;
				CURRENT_PROJECT_VERSION = 1;
				DEAD_CODE_STRIPPING = YES;
				DEVELOPMENT_TEAM = 2RZ7SBH74J;
				ENABLE_HARDENED_RUNTIME = NO;
				GENERATE_INFOPLIST_FILE = NO;
				INFOPLIST_FILE = MouseGesturesCodeBase/Info.plist;
				INFOPLIST_KEY_NSHumanReadableCopyright = "";
				INFOPLIST_KEY_NSMainNibFile = "";
				INFOPLIST_KEY_NSPrincipalClass = NSApplication;
				LD_RUNPATH_SEARCH_PATHS = (
					"$(inherited)",
					"@executable_path/../Frameworks",
				);
				MARKETING_VERSION = 1.0;
				PRODUCT_BUNDLE_IDENTIFIER = com.example.MouseGestures;
				PRODUCT_NAME = "$(TARGET_NAME)";
				PROVISIONING_PROFILE_SPECIFIER = "";
				SWIFT_EMIT_LOC_STRINGS = YES;
				SWIFT_VERSION = 5.0;
			};
			name = Debug;
		};
		A1234567890123456789016D /* Release */ = {
			isa = XCBuildConfiguration;
			buildSettings = {
				ASSETCATALOG_COMPILER_APPICON_NAME = AppIcon;
				ASSETCATALOG_COMPILER_GLOBAL_ACCENT_COLOR_NAME = AccentColor;
				CODE_SIGN_ENTITLEMENTS = "";
				CODE_SIGN_IDENTITY = "Apple Development";
				"CODE_SIGN_IDENTITY[sdk=macosx*]" = "Apple Development";
				CODE_SIGN_STYLE = Automatic;
				COMBINE_HIDPI_IMAGES = YES;
				CURRENT_PROJECT_VERSION = 1;
				DEAD_CODE_STRIPPING = YES;
				DEVELOPMENT_TEAM = 2RZ7SBH74J;
				ENABLE_HARDENED_RUNTIME = NO;
				GENERATE_INFOPLIST_FILE = NO;
				INFOPLIST_FILE = MouseGesturesCodeBase/Info.plist;
				INFOPLIST_KEY_NSHumanReadableCopyright = "";
				INFOPLIST_KEY_NSMainNibFile = "";
				INFOPLIST_KEY_NSPrincipalClass = NSApplication;
				LD_RUNPATH_SEARCH_PATHS = (
					"$(inherited)",
					"@executable_path/../Frameworks",
				);
				MARKETING_VERSION = 1.0;
				PRODUCT_BUNDLE_IDENTIFIER = com.example.MouseGestures;
				PRODUCT_NAME = "$(TARGET_NAME)";
				PROVISIONING_PROFILE_SPECIFIER = "";
				SWIFT_EMIT_LOC_STRINGS = YES;
				SWIFT_VERSION = 5.0;
			};
			name = Release;
		};
/* End XCBuildConfiguration section */

/* Begin XCConfigurationList section */
		A1234567890123456789015B /* Build configuration list for PBXNativeTarget "MouseGestures" */ = {
			isa = XCConfigurationList;
			buildConfigurations = (
				A1234567890123456789016C /* Debug */,
				A1234567890123456789016D /* Release */,
			);
			defaultConfigurationIsVisible = 0;
			defaultConfigurationName = Release;
		};
		A1234567890123456789015F /* Build configuration list for PBXProject "MouseGestures" */ = {
			isa = XCConfigurationList;
			buildConfigurations = (
				A1234567890123456789016A /* Debug */,
				A1234567890123456789016B /* Release */,
			);
			defaultConfigurationIsVisible = 0;
			defaultConfigurationName = Release;
		};
/* End XCConfigurationList section */
	};
	rootObject = A1234567890123456789015E /* Project object */;
}
